{
  "name": "privmx-rpc",
  "version": "2.6.1",
  "lockfileVersion": 1,
  "requires": true,
  "dependencies": {
    "@types/bn.js": {
      "version": "4.11.6",
      "resolved": "https://npmregistry.privmx.com/@types%2fbn.js/-/bn.js-4.11.6.tgz",
      "integrity": "sha1-A3idm3inre4UTV2YXo/9ro3ZnQM="
    },
    "@types/bytebuffer": {
      "version": "3.5.5",
      "resolved": "https://npmregistry.privmx.com/@types%2fbytebuffer/-/bytebuffer-3.5.5.tgz",
      "integrity": "sha1-uJTxfFEh3YyQiX/fhS8wNERlXZo="
    },
    "@types/elliptic": {
      "version": "6.3.3",
      "resolved": "https://npmregistry.privmx.com/@types%2felliptic/-/elliptic-6.3.3.tgz",
      "integrity": "sha1-ZYb9aw9PetgWN9zYH0oDjBizGV4=",
      "requires": {
        "@types/bn.js": "4.11.6"
      }
    },
    "@types/node": {
      "version": "12.20.34",
      "resolved": "https://npmregistry.privmx.com/@types%2fnode/-/node-12.20.34.tgz",
      "integrity": "sha512-+G6kIkmDOyWs7Co8M48lgyauuOlgZeRib64/DFBwYlY6ngwT7wgcF7ga1DsmZImUDfm2rE1jMnUhIEC/gdJ5rw=="
    },
    "@types/pson": {
      "version": "2.0.0",
      "resolved": "https://npmregistry.privmx.com/@types%2fpson/-/pson-2.0.0.tgz",
      "integrity": "sha1-rhtNjpZ/N6tuoIFC5QlvyuOJTFg="
    },
    "@types/ws": {
      "version": "7.2.6",
      "resolved": "https://npmregistry.privmx.com/@types%2fws/-/ws-7.2.6.tgz",
      "integrity": "sha512-Q07IrQUSNpr+cXU4E4LtkSIBPie5GLZyyMC1QtQYRLWz701+XcoVygGUZgvLqElq1nU4ICldMYPnexlBsg3dqQ==",
      "requires": {
        "@types/node": "*"
      }
    },
    "base-x": {
      "version": "5.0.0",
      "resolved": "https://npm.simplito.com/base-x/-/base-x-5.0.0.tgz",
      "integrity": "sha512-sMW3VGSX1QWVFA6l8U62MLKz29rRfpTlYdCqLdpLo1/Yd4zZwSbnUaDfciIAowAqvq7YFnWq9hrhdg1KYgc1lQ=="
    },
    "bn.js": {
      "version": "4.12.0",
      "resolved": "https://npmregistry.privmx.com/bn.js/-/bn.js-4.12.0.tgz",
      "integrity": "sha512-c98Bf3tPniI+scsdk237ku1Dc3ujXQTSgyiPUDEOe7tRkhrqridvh8klBv0HCEso1OLOYcHuCv/cS6DNxKH+ZA=="
    },
    "brorand": {
      "version": "1.1.0",
      "resolved": "https://npmregistry.privmx.com/brorand/-/brorand-1.1.0.tgz",
      "integrity": "sha1-EsJe/kCkXjwyPrhnWgoM5XsiNx8="
    },
    "bs58": {
      "version": "6.0.0",
      "resolved": "https://npm.simplito.com/bs58/-/bs58-6.0.0.tgz",
      "integrity": "sha512-PD0wEnEYg6ijszw/u8s+iI3H17cTymlrwkKhDhPZq+Sokl3AU4htyBFTjAeNAlCCmg0f53g6ih3jATyCKftTfw==",
      "requires": {
        "base-x": "^5.0.0"
      }
    },
    "bufferview": {
      "version": "1.0.1",
      "resolved": "https://npmregistry.privmx.com/bufferview/-/bufferview-1.0.1.tgz",
      "integrity": "sha1-ev10pF+Tf6QiodM4wIu/3HbNcl0="
    },
    "bytebuffer": {
      "version": "3.5.5",
      "resolved": "https://npmregistry.privmx.com/bytebuffer/-/bytebuffer-3.5.5.tgz",
      "integrity": "sha1-em+vGhNRSwg/H8+VQcTJv75+f9M=",
      "requires": {
        "bufferview": "~1",
        "long": "~2 >=2.2.3"
      }
    },
    "elliptic": {
      "version": "6.5.4",
      "resolved": "https://npmregistry.privmx.com/elliptic/-/elliptic-6.5.4.tgz",
      "integrity": "sha512-iLhC6ULemrljPZb+QutR5TQGB+pdW6KGD5RSegS+8sorOZT+rdQFbsQFJgvN3eRqNALqJer4oQ16YvJHlU8hzQ==",
      "requires": {
        "bn.js": "^4.11.9",
        "brorand": "^1.1.0",
        "hash.js": "^1.0.0",
        "hmac-drbg": "^1.0.1",
        "inherits": "^2.0.4",
        "minimalistic-assert": "^1.0.1",
        "minimalistic-crypto-utils": "^1.0.1"
      }
    },
    "hash.js": {
      "version": "1.1.7",
      "resolved": "https://npmregistry.privmx.com/hash.js/-/hash.js-1.1.7.tgz",
      "integrity": "sha512-taOaskGt4z4SOANNseOviYDvjEJinIkRgmp7LbKP2YTTmVxWBl87s/uzK9r+44BclBSp2X7K1hqeNfz9JbBeXA==",
      "requires": {
        "inherits": "^2.0.3",
        "minimalistic-assert": "^1.0.1"
      }
    },
    "hmac-drbg": {
      "version": "1.0.1",
      "resolved": "https://npmregistry.privmx.com/hmac-drbg/-/hmac-drbg-1.0.1.tgz",
      "integrity": "sha1-0nRXAQJabHdabFRXk+1QL8DGSaE=",
      "requires": {
        "hash.js": "^1.0.3",
        "minimalistic-assert": "^1.0.0",
        "minimalistic-crypto-utils": "^1.0.1"
      }
    },
    "inherits": {
      "version": "2.0.4",
      "resolved": "https://npmregistry.privmx.com/inherits/-/inherits-2.0.4.tgz",
      "integrity": "sha512-k/vGaX4/Yla3WzyMCvTQOXYeIHvqOKtnqBduzTHpzpQZzAskKMhZ2K+EnBiSM9zGSoIFeMpXKxa4dYeZIQqewQ=="
    },
    "long": {
      "version": "2.4.0",
      "resolved": "https://npmregistry.privmx.com/long/-/long-2.4.0.tgz",
      "integrity": "sha1-n6GAux2VAM3CnEFWdmoZleH0Uk8="
    },
    "minimalistic-assert": {
      "version": "1.0.1",
      "resolved": "https://npmregistry.privmx.com/minimalistic-assert/-/minimalistic-assert-1.0.1.tgz",
      "integrity": "sha512-UtJcAD4yEaGtjPezWuO9wC4nwUnVH/8/Im3yEHQP4b67cXlD/Qr9hdITCU1xDbSEXg2XKNaP8jsReV7vQd00/A=="
    },
    "minimalistic-crypto-utils": {
      "version": "1.0.1",
      "resolved": "https://npmregistry.privmx.com/minimalistic-crypto-utils/-/minimalistic-crypto-utils-1.0.1.tgz",
      "integrity": "sha1-9sAMHAsIIkblxNmd+4x8CDsrWCo="
    },
    "pson": {
      "version": "2.0.1",
      "resolved": "https://npm.simplito.com/pson/-/pson-2.0.1.tgz",
      "integrity": "sha512-GYv4Nc5KVd/eRh8rn5yOyxRcIhozwiLni7Rn41yWQ2TUqrVmWJFvFRubCHlNJw2gB2A5rQEmx5oVsTb+eQVudQ==",
      "requires": {
        "bytebuffer": "~3"
      }
    },
    "simplito-logger": {
      "version": "1.0.0",
      "resolved": "https://npmregistry.privmx.com/simplito-logger/-/simplito-logger-1.0.0.tgz",
      "integrity": "sha1-3Priqkas7wGooQ9my3/6fcu+Q+o="
    },
    "typescript": {
      "version": "4.4.4",
      "resolved": "https://npmregistry.privmx.com/typescript/-/typescript-4.4.4.tgz",
      "integrity": "sha512-DqGhF5IKoBl8WNf8C1gu8q0xZSInh9j1kJJMqT3a94w1JzVaBU4EXOSMrz9yDqMT0xt3selp83fuFMQ0uzv6qA==",
      "dev": true
    },
    "ws": {
      "version": "7.3.1",
      "resolved": "https://npmregistry.privmx.com/ws/-/ws-7.3.1.tgz",
      "integrity": "sha512-D3RuNkynyHmEJIpD2qrgVkc9DQ23OrN/moAwZX4L8DfvszsJxpjQuUq3LMx6HoYji9fbIOBY18XWBsAux1ZZUA=="
    }
  }
}
