{
  "name": "privmx-rpc",
  "version": "2.6.1",
  "lockfileVersion": 3,
  "requires": true,
  "packages": {
    "": {
      "name": "privmx-rpc",
      "version": "2.6.1",
      "license": "PrivMX",
      "dependencies": {
        "@types/bytebuffer": "^3.0.0",
        "@types/elliptic": "^6.2.3",
        "@types/node": "*",
        "@types/pson": "^2.0.0",
        "@types/ws": "^7.2.6",
        "bn.js": "^4.12.0",
        "bs58": "^6.0.0",
        "bytebuffer": "^3.0.0",
        "elliptic": "^6.5.4",
        "pson": "^2.0.1",
        "simplito-logger": "^1.0.0",
        "ws": "^7.3.1"
      },
      "devDependencies": {
        "typescript": "^4.4.4"
      }
    },
    "node_modules/@types/bn.js": {
      "version": "4.11.6",
      "resolved": "https://npmregistry.privmx.com/@types%2fbn.js/-/bn.js-4.11.6.tgz",
      "integrity": "sha1-A3idm3inre4UTV2YXo/9ro3ZnQM="
    },
    "node_modules/@types/bytebuffer": {
      "version": "3.5.5",
      "resolved": "https://npmregistry.privmx.com/@types%2fbytebuffer/-/bytebuffer-3.5.5.tgz",
      "integrity": "sha1-uJTxfFEh3YyQiX/fhS8wNERlXZo="
    },
    "node_modules/@types/elliptic": {
      "version": "6.3.3",
      "resolved": "https://npmregistry.privmx.com/@types%2felliptic/-/elliptic-6.3.3.tgz",
      "integrity": "sha1-ZYb9aw9PetgWN9zYH0oDjBizGV4=",
      "dependencies": {
        "@types/bn.js": "4.11.6"
      }
    },
    "node_modules/@types/node": {
      "version": "12.20.34",
      "resolved": "https://npmregistry.privmx.com/@types%2fnode/-/node-12.20.34.tgz",
      "integrity": "sha512-+G6kIkmDOyWs7Co8M48lgyauuOlgZeRib64/DFBwYlY6ngwT7wgcF7ga1DsmZImUDfm2rE1jMnUhIEC/gdJ5rw=="
    },
    "node_modules/@types/pson": {
      "version": "2.0.0",
      "resolved": "https://npmregistry.privmx.com/@types%2fpson/-/pson-2.0.0.tgz",
      "integrity": "sha1-rhtNjpZ/N6tuoIFC5QlvyuOJTFg="
    },
    "node_modules/@types/ws": {
      "version": "7.2.6",
      "resolved": "https://npmregistry.privmx.com/@types%2fws/-/ws-7.2.6.tgz",
      "integrity": "sha512-Q07IrQUSNpr+cXU4E4LtkSIBPie5GLZyyMC1QtQYRLWz701+XcoVygGUZgvLqElq1nU4ICldMYPnexlBsg3dqQ==",
      "dependencies": {
        "@types/node": "*"
      }
    },
    "node_modules/base-x": {
      "version": "5.0.0",
      "resolved": "https://npm.simplito.com/base-x/-/base-x-5.0.0.tgz",
      "integrity": "sha512-sMW3VGSX1QWVFA6l8U62MLKz29rRfpTlYdCqLdpLo1/Yd4zZwSbnUaDfciIAowAqvq7YFnWq9hrhdg1KYgc1lQ=="
    },
    "node_modules/bn.js": {
      "version": "4.12.0",
      "resolved": "https://npmregistry.privmx.com/bn.js/-/bn.js-4.12.0.tgz",
      "integrity": "sha512-c98Bf3tPniI+scsdk237ku1Dc3ujXQTSgyiPUDEOe7tRkhrqridvh8klBv0HCEso1OLOYcHuCv/cS6DNxKH+ZA=="
    },
    "node_modules/brorand": {
      "version": "1.1.0",
      "resolved": "https://npmregistry.privmx.com/brorand/-/brorand-1.1.0.tgz",
      "integrity": "sha1-EsJe/kCkXjwyPrhnWgoM5XsiNx8="
    },
    "node_modules/bs58": {
      "version": "6.0.0",
      "resolved": "https://npm.simplito.com/bs58/-/bs58-6.0.0.tgz",
      "integrity": "sha512-PD0wEnEYg6ijszw/u8s+iI3H17cTymlrwkKhDhPZq+Sokl3AU4htyBFTjAeNAlCCmg0f53g6ih3jATyCKftTfw==",
      "dependencies": {
        "base-x": "^5.0.0"
      }
    },
    "node_modules/bufferview": {
      "version": "1.0.1",
      "resolved": "https://npmregistry.privmx.com/bufferview/-/bufferview-1.0.1.tgz",
      "integrity": "sha1-ev10pF+Tf6QiodM4wIu/3HbNcl0=",
      "engines": {
        "node": ">=0.8"
      }
    },
    "node_modules/bytebuffer": {
      "version": "3.5.5",
      "resolved": "https://npmregistry.privmx.com/bytebuffer/-/bytebuffer-3.5.5.tgz",
      "integrity": "sha1-em+vGhNRSwg/H8+VQcTJv75+f9M=",
      "dependencies": {
        "bufferview": "~1",
        "long": "~2 >=2.2.3"
      },
      "engines": {
        "node": ">=0.8"
      }
    },
    "node_modules/elliptic": {
      "version": "6.6.1",
      "resolved": "https://npm.simplito.com/elliptic/-/elliptic-6.6.1.tgz",
      "integrity": "sha512-RaddvvMatK2LJHqFJ+YA4WysVN5Ita9E35botqIYspQ4TkRAlCicdzKOjlyv/1Za5RyTNn7di//eEV0uTAfe3g==",
      "license": "MIT",
      "dependencies": {
        "bn.js": "^4.11.9",
        "brorand": "^1.1.0",
        "hash.js": "^1.0.0",
        "hmac-drbg": "^1.0.1",
        "inherits": "^2.0.4",
        "minimalistic-assert": "^1.0.1",
        "minimalistic-crypto-utils": "^1.0.1"
      }
    },
    "node_modules/hash.js": {
      "version": "1.1.7",
      "resolved": "https://npmregistry.privmx.com/hash.js/-/hash.js-1.1.7.tgz",
      "integrity": "sha512-taOaskGt4z4SOANNseOviYDvjEJinIkRgmp7LbKP2YTTmVxWBl87s/uzK9r+44BclBSp2X7K1hqeNfz9JbBeXA==",
      "dependencies": {
        "inherits": "^2.0.3",
        "minimalistic-assert": "^1.0.1"
      }
    },
    "node_modules/hmac-drbg": {
      "version": "1.0.1",
      "resolved": "https://npmregistry.privmx.com/hmac-drbg/-/hmac-drbg-1.0.1.tgz",
      "integrity": "sha1-0nRXAQJabHdabFRXk+1QL8DGSaE=",
      "dependencies": {
        "hash.js": "^1.0.3",
        "minimalistic-assert": "^1.0.0",
        "minimalistic-crypto-utils": "^1.0.1"
      }
    },
    "node_modules/inherits": {
      "version": "2.0.4",
      "resolved": "https://npmregistry.privmx.com/inherits/-/inherits-2.0.4.tgz",
      "integrity": "sha512-k/vGaX4/Yla3WzyMCvTQOXYeIHvqOKtnqBduzTHpzpQZzAskKMhZ2K+EnBiSM9zGSoIFeMpXKxa4dYeZIQqewQ=="
    },
    "node_modules/long": {
      "version": "2.4.0",
      "resolved": "https://npmregistry.privmx.com/long/-/long-2.4.0.tgz",
      "integrity": "sha1-n6GAux2VAM3CnEFWdmoZleH0Uk8=",
      "engines": {
        "node": ">=0.6"
      }
    },
    "node_modules/minimalistic-assert": {
      "version": "1.0.1",
      "resolved": "https://npmregistry.privmx.com/minimalistic-assert/-/minimalistic-assert-1.0.1.tgz",
      "integrity": "sha512-UtJcAD4yEaGtjPezWuO9wC4nwUnVH/8/Im3yEHQP4b67cXlD/Qr9hdITCU1xDbSEXg2XKNaP8jsReV7vQd00/A=="
    },
    "node_modules/minimalistic-crypto-utils": {
      "version": "1.0.1",
      "resolved": "https://npmregistry.privmx.com/minimalistic-crypto-utils/-/minimalistic-crypto-utils-1.0.1.tgz",
      "integrity": "sha1-9sAMHAsIIkblxNmd+4x8CDsrWCo="
    },
    "node_modules/pson": {
      "version": "2.0.1",
      "resolved": "https://npm.simplito.com/pson/-/pson-2.0.1.tgz",
      "integrity": "sha512-GYv4Nc5KVd/eRh8rn5yOyxRcIhozwiLni7Rn41yWQ2TUqrVmWJFvFRubCHlNJw2gB2A5rQEmx5oVsTb+eQVudQ==",
      "dependencies": {
        "bytebuffer": "~3"
      },
      "engines": {
        "node": ">=0.6"
      }
    },
    "node_modules/simplito-logger": {
      "version": "1.0.0",
      "resolved": "https://npmregistry.privmx.com/simplito-logger/-/simplito-logger-1.0.0.tgz",
      "integrity": "sha1-3Priqkas7wGooQ9my3/6fcu+Q+o="
    },
    "node_modules/typescript": {
      "version": "4.4.4",
      "resolved": "https://npmregistry.privmx.com/typescript/-/typescript-4.4.4.tgz",
      "integrity": "sha512-DqGhF5IKoBl8WNf8C1gu8q0xZSInh9j1kJJMqT3a94w1JzVaBU4EXOSMrz9yDqMT0xt3selp83fuFMQ0uzv6qA==",
      "dev": true,
      "bin": {
        "tsc": "bin/tsc",
        "tsserver": "bin/tsserver"
      },
      "engines": {
        "node": ">=4.2.0"
      }
    },
    "node_modules/ws": {
      "version": "7.5.10",
      "resolved": "https://npm.simplito.com/ws/-/ws-7.5.10.tgz",
      "integrity": "sha512-+dbF1tHwZpXcbOJdVOkzLDxZP1ailvSxM6ZweXTegylPny803bFhA+vqBYw4s31NSAk4S2Qz+AKXK9a4wkdjcQ==",
      "license": "MIT",
      "engines": {
        "node": ">=8.3.0"
      },
      "peerDependencies": {
        "bufferutil": "^4.0.1",
        "utf-8-validate": "^5.0.2"
      },
      "peerDependenciesMeta": {
        "bufferutil": {
          "optional": true
        },
        "utf-8-validate": {
          "optional": true
        }
      }
    }
  }
}
